
Microsoft Visual Studio Solution File, Format Version 12.00
# Visual Studio Version 17
VisualStudioVersion = 17.3.32901.215
MinimumVisualStudioVersion = 10.0.40219.1
Project("{FAE04EC0-301F-11D3-BF4B-00C04F79EFBC}") = "4.107_Кеl", "4.107_Кеl\4.107_Кеl.csproj", "{66FB14C3-AEBA-46F3-8D7F-594A711E465B}"
EndProject
Global
	GlobalSection(SolutionConfigurationPlatforms) = preSolution
		Debug|Any CPU = Debug|Any CPU
		Release|Any CPU = Release|Any CPU
	EndGlobalSection
	GlobalSection(ProjectConfigurationPlatforms) = postSolution
		{66FB14C3-AEBA-46F3-8D7F-594A711E465B}.Debug|Any CPU.ActiveCfg = Debug|Any CPU
		{66FB14C3-AEBA-46F3-8D7F-594A711E465B}.Debug|Any CPU.Build.0 = Debug|Any CPU
		{66FB14C3-AEBA-46F3-8D7F-594A711E465B}.Release|Any CPU.ActiveCfg = Release|Any CPU
		{66FB14C3-AEBA-46F3-8D7F-594A711E465B}.Release|Any CPU.Build.0 = Release|Any CPU
	EndGlobalSection
	GlobalSection(SolutionProperties) = preSolution
		HideSolutionNode = FALSE
	EndGlobalSection
	GlobalSection(ExtensibilityGlobals) = postSolution
		SolutionGuid = {18E520A4-5CCD-4F04-AAF3-653D39156BE6}
	EndGlobalSection
EndGlobal
